# THIS IS AN AUTOGENERATED FILE. DO NOT EDIT THIS FILE DIRECTLY.
# yarn lockfile v1


"@types/screeps@^2.5.5":
  version "2.5.5"
  resolved "https://registry.yarnpkg.com/@types/screeps/-/screeps-2.5.5.tgz#2d28eb333c2443f759fa610bf7a372cd60072a5d"
  integrity sha512-71t7VoZamMRF7Zfrnx2B2ZwioCv8jIY6g8UO4A/iJhmjEF+VoXcCGDVkybqyOvUbfDgWBgCMwOMzAajPUVc8lw==
